<Solution>
  <Project Path="NagaAlaga.Domain/NagaAlaga.Domain.csproj" Id="514feb2e-a44a-4b57-8a37-2246e59f2545" />
  <Project Path="NagaAlaga.Frontend/NagaAlaga.Frontend.csproj" />
  <Project Path="NagaAlaga.Infrastructure/NagaAlaga.Infrastructure.csproj" Id="fe6bfb3d-58b2-4955-af45-665de5ba3af4" />
</Solution>
